# THIS IS AN AUTOGENERATED FILE. DO NOT EDIT THIS FILE DIRECTLY.
# yarn lockfile v1


pubsub-js@^1.9.3:
  version "1.9.3"
  resolved "https://registry.yarnpkg.com/pubsub-js/-/pubsub-js-1.9.3.tgz#674eea4d568d0402e0527cdb10e2aab7b55621d2"
  integrity sha512-FhYYlPNOywTh7zN38u5AlG67emA47w6JZd7YgdQU1w8gQbZhhIGxVM0AQosdaINHb2ALb+fhfnVyBJAt4D4IzA==
